{
  "requires": true,
  "lockfileVersion": 1,
  "dependencies": {
    "luminous-lightbox": {
      "version": "2.3.4",
      "resolved": "https://registry.npmjs.org/luminous-lightbox/-/luminous-lightbox-2.3.4.tgz",
      "integrity": "sha512-xP6iCIVXdv0cjSi/YgjXTZ1hGwrNUpxk7TZcRlhRir18G02Upcl+dTFhYbAerADF82w9VFw9FUZW3vAX8BzhnA=="
    }
  }
}
